{
  "version": 4,
  "terraform_version": "1.1.2",
  "serial": 17,
  "lineage": "633cd3b3-7208-9adf-60fb-899f9313e4d7",
  "outputs": {
    "network": {
      "value": {
        "network": {
          "auto_create_subnetworks": false,
          "delete_default_routes_on_create": false,
          "description": "",
          "gateway_ipv4": "",
          "id": "projects/flaskproj2-341506/global/networks/my-vpc",
          "mtu": 0,
          "name": "my-vpc",
          "project": "flaskproj2-341506",
          "routing_mode": "GLOBAL",
          "self_link": "https://www.googleapis.com/compute/v1/projects/flaskproj2-341506/global/networks/my-vpc",
          "timeouts": null
        },
        "network_id": "projects/flaskproj2-341506/global/networks/my-vpc",
        "network_name": "my-vpc",
        "network_self_link": "https://www.googleapis.com/compute/v1/projects/flaskproj2-341506/global/networks/my-vpc",
        "project_id": "flaskproj2-341506"
      },
      "type": [
        "object",
        {
          "network": [
            "object",
            {
              "auto_create_subnetworks": "bool",
              "delete_default_routes_on_create": "bool",
              "description": "string",
              "gateway_ipv4": "string",
              "id": "string",
              "mtu": "number",
              "name": "string",
              "project": "string",
              "routing_mode": "string",
              "self_link": "string",
              "timeouts": [
                "object",
                {
                  "create": "string",
                  "delete": "string",
                  "update": "string"
                }
              ]
            }
          ],
          "network_id": "string",
          "network_name": "string",
          "network_self_link": "string",
          "project_id": "string"
        }
      ]
    },
    "network_id": {
      "value": "projects/flaskproj2-341506/global/networks/my-vpc",
      "type": "string"
    },
    "network_name": {
      "value": "my-vpc",
      "type": "string"
    },
    "network_self_link": {
      "value": "https://www.googleapis.com/compute/v1/projects/flaskproj2-341506/global/networks/my-vpc",
      "type": "string"
    },
    "project_id": {
      "value": "flaskproj2-341506",
      "type": "string"
    },
    "route_names": {
      "value": [],
      "type": [
        "tuple",
        []
      ]
    },
    "subnets": {
      "value": {
        "us-central1/subnet1": {
          "creation_timestamp": "2022-03-02T01:41:17.652-08:00",
          "description": "",
          "external_ipv6_prefix": "",
          "fingerprint": null,
          "gateway_address": "10.0.1.1",
          "id": "projects/flaskproj2-341506/regions/us-central1/subnetworks/subnet1",
          "ip_cidr_range": "10.0.1.0/24",
          "ipv6_access_type": "",
          "ipv6_cidr_range": "",
          "log_config": [],
          "name": "subnet1",
          "network": "https://www.googleapis.com/compute/v1/projects/flaskproj2-341506/global/networks/my-vpc",
          "private_ip_google_access": false,
          "private_ipv6_google_access": "DISABLE_GOOGLE_ACCESS",
          "project": "flaskproj2-341506",
          "purpose": "PRIVATE",
          "region": "us-central1",
          "role": "",
          "secondary_ip_range": [],
          "self_link": "https://www.googleapis.com/compute/v1/projects/flaskproj2-341506/regions/us-central1/subnetworks/subnet1",
          "stack_type": "IPV4_ONLY",
          "timeouts": null
        }
      },
      "type": [
        "object",
        {
          "us-central1/subnet1": [
            "object",
            {
              "creation_timestamp": "string",
              "description": "string",
              "external_ipv6_prefix": "string",
              "fingerprint": "string",
              "gateway_address": "string",
              "id": "string",
              "ip_cidr_range": "string",
              "ipv6_access_type": "string",
              "ipv6_cidr_range": "string",
              "log_config": [
                "list",
                [
                  "object",
                  {
                    "aggregation_interval": "string",
                    "filter_expr": "string",
                    "flow_sampling": "number",
                    "metadata": "string",
                    "metadata_fields": [
                      "set",
                      "string"
                    ]
                  }
                ]
              ],
              "name": "string",
              "network": "string",
              "private_ip_google_access": "bool",
              "private_ipv6_google_access": "string",
              "project": "string",
              "purpose": "string",
              "region": "string",
              "role": "string",
              "secondary_ip_range": [
                "list",
                [
                  "object",
                  {
                    "ip_cidr_range": "string",
                    "range_name": "string"
                  }
                ]
              ],
              "self_link": "string",
              "stack_type": "string",
              "timeouts": [
                "object",
                {
                  "create": "string",
                  "delete": "string",
                  "update": "string"
                }
              ]
            }
          ]
        }
      ]
    },
    "subnets_flow_logs": {
      "value": [
        false
      ],
      "type": [
        "tuple",
        [
          "bool"
        ]
      ]
    },
    "subnets_ids": {
      "value": [
        "projects/flaskproj2-341506/regions/us-central1/subnetworks/subnet1"
      ],
      "type": [
        "tuple",
        [
          "string"
        ]
      ]
    },
    "subnets_ips": {
      "value": [
        "10.0.1.0/24"
      ],
      "type": [
        "tuple",
        [
          "string"
        ]
      ]
    },
    "subnets_names": {
      "value": [
        "subnet1"
      ],
      "type": [
        "tuple",
        [
          "string"
        ]
      ]
    },
    "subnets_private_access": {
      "value": [
        false
      ],
      "type": [
        "tuple",
        [
          "bool"
        ]
      ]
    },
    "subnets_regions": {
      "value": [
        "us-central1"
      ],
      "type": [
        "tuple",
        [
          "string"
        ]
      ]
    },
    "subnets_secondary_ranges": {
      "value": [
        []
      ],
      "type": [
        "tuple",
        [
          [
            "list",
            [
              "object",
              {
                "ip_cidr_range": "string",
                "range_name": "string"
              }
            ]
          ]
        ]
      ]
    },
    "subnets_self_links": {
      "value": [
        "https://www.googleapis.com/compute/v1/projects/flaskproj2-341506/regions/us-central1/subnetworks/subnet1"
      ],
      "type": [
        "tuple",
        [
          "string"
        ]
      ]
    }
  },
  "resources": [
    {
      "module": "module.subnets",
      "mode": "managed",
      "type": "google_compute_subnetwork",
      "name": "subnetwork",
      "provider": "provider[\"registry.terraform.io/hashicorp/google\"]",
      "instances": [
        {
          "index_key": "us-central1/subnet1",
          "schema_version": 0,
          "attributes": {
            "creation_timestamp": "2022-03-02T01:41:17.652-08:00",
            "description": "",
            "external_ipv6_prefix": "",
            "fingerprint": null,
            "gateway_address": "10.0.1.1",
            "id": "projects/flaskproj2-341506/regions/us-central1/subnetworks/subnet1",
            "ip_cidr_range": "10.0.1.0/24",
            "ipv6_access_type": "",
            "ipv6_cidr_range": "",
            "log_config": [],
            "name": "subnet1",
            "network": "https://www.googleapis.com/compute/v1/projects/flaskproj2-341506/global/networks/my-vpc",
            "private_ip_google_access": false,
            "private_ipv6_google_access": "DISABLE_GOOGLE_ACCESS",
            "project": "flaskproj2-341506",
            "purpose": "PRIVATE",
            "region": "us-central1",
            "role": "",
            "secondary_ip_range": [],
            "self_link": "https://www.googleapis.com/compute/v1/projects/flaskproj2-341506/regions/us-central1/subnetworks/subnet1",
            "stack_type": "IPV4_ONLY",
            "timeouts": null
          },
          "sensitive_attributes": [],
          "private": "eyJlMmJmYjczMC1lY2FhLTExZTYtOGY4OC0zNDM2M2JjN2M0YzAiOnsiY3JlYXRlIjoxMjAwMDAwMDAwMDAwLCJkZWxldGUiOjEyMDAwMDAwMDAwMDAsInVwZGF0ZSI6MTIwMDAwMDAwMDAwMH19",
          "dependencies": [
            "module.vpc.google_compute_network.network"
          ]
        }
      ]
    },
    {
      "module": "module.vpc",
      "mode": "managed",
      "type": "google_compute_network",
      "name": "network",
      "provider": "provider[\"registry.terraform.io/hashicorp/google\"]",
      "instances": [
        {
          "schema_version": 0,
          "attributes": {
            "auto_create_subnetworks": false,
            "delete_default_routes_on_create": false,
            "description": "",
            "gateway_ipv4": "",
            "id": "projects/flaskproj2-341506/global/networks/my-vpc",
            "mtu": 0,
            "name": "my-vpc",
            "project": "flaskproj2-341506",
            "routing_mode": "GLOBAL",
            "self_link": "https://www.googleapis.com/compute/v1/projects/flaskproj2-341506/global/networks/my-vpc",
            "timeouts": null
          },
          "sensitive_attributes": [],
          "private": "eyJlMmJmYjczMC1lY2FhLTExZTYtOGY4OC0zNDM2M2JjN2M0YzAiOnsiY3JlYXRlIjoxMjAwMDAwMDAwMDAwLCJkZWxldGUiOjEyMDAwMDAwMDAwMDAsInVwZGF0ZSI6MTIwMDAwMDAwMDAwMH19"
        }
      ]
    }
  ]
}
